// !$*UTF8*$!
{
	archiveVersion = 1;
	classes = {
	};
	objectVersion = 50;
	objects = {

/* Begin PBXBuildFile section */
		879CB1962147091B00DA8200 /* AppDelegate.swift in Sources */ = {isa = PBXBuildFile; fileRef = 879CB1952147091B00DA8200 /* AppDelegate.swift */; };
		879CB19B2147091B00DA8200 /* Main.storyboard in Resources */ = {isa = PBXBuildFile; fileRef = 879CB1992147091B00DA8200 /* Main.storyboard */; };
		879CB19D2147091E00DA8200 /* Assets.xcassets in Resources */ = {isa = PBXBuildFile; fileRef = 879CB19C2147091E00DA8200 /* Assets.xcassets */; };
		879CB1A02147091E00DA8200 /* LaunchScreen.storyboard in Resources */ = {isa = PBXBuildFile; fileRef = 879CB19E2147091E00DA8200 /* LaunchScreen.storyboard */; };
		8D78E9102147A67A00CA0B6A /* MenuTableViewController.swift in Sources */ = {isa = PBXBuildFile; fileRef = 8D78E90F2147A67A00CA0B6A /* MenuTableViewController.swift */; };
		8D78E9122147A98000CA0B6A /* Interface.swift in Sources */ = {isa = PBXBuildFile; fileRef = 8D78E9112147A97F00CA0B6A /* Interface.swift */; };
		8D78E9142147AC7A00CA0B6A /* CalculatorButtonViewController.swift in Sources */ = {isa = PBXBuildFile; fileRef = 8D78E9132147AC7A00CA0B6A /* CalculatorButtonViewController.swift */; };
		8D78E9162147AE5800CA0B6A /* FluidCell.swift in Sources */ = {isa = PBXBuildFile; fileRef = 8D78E9152147AE5800CA0B6A /* FluidCell.swift */; };
		8D78E9182147B3A300CA0B6A /* SpringAnimationViewController.swift in Sources */ = {isa = PBXBuildFile; fileRef = 8D78E9172147B3A300CA0B6A /* SpringAnimationViewController.swift */; };
		8D78E91A2147B58F00CA0B6A /* FlashlightButtonViewController.swift in Sources */ = {isa = PBXBuildFile; fileRef = 8D78E9192147B58F00CA0B6A /* FlashlightButtonViewController.swift */; };
		8D78E91E2147B8F900CA0B6A /* CalculatorButton.swift in Sources */ = {isa = PBXBuildFile; fileRef = 8D78E91D2147B8F900CA0B6A /* CalculatorButton.swift */; };
		8D78E9212147BCD700CA0B6A /* UIColorExtension.swift in Sources */ = {isa = PBXBuildFile; fileRef = 8D78E9202147BCD700CA0B6A /* UIColorExtension.swift */; };
		8D78E9232147C84500CA0B6A /* UIViewExtension.swift in Sources */ = {isa = PBXBuildFile; fileRef = 8D78E9222147C84500CA0B6A /* UIViewExtension.swift */; };
		8D78E9272148EDAD00CA0B6A /* UISpringTimingParametersExtension.swift in Sources */ = {isa = PBXBuildFile; fileRef = 8D78E9262148EDAD00CA0B6A /* UISpringTimingParametersExtension.swift */; };
		8D78E9292148F08C00CA0B6A /* SliderView.swift in Sources */ = {isa = PBXBuildFile; fileRef = 8D78E9282148F08C00CA0B6A /* SliderView.swift */; };
		8D78E92B21493DAA00CA0B6A /* GradientView.swift in Sources */ = {isa = PBXBuildFile; fileRef = 8D78E92A21493DAA00CA0B6A /* GradientView.swift */; };
		8D7A9C23216229230069535F /* FlashlightButton.swift in Sources */ = {isa = PBXBuildFile; fileRef = 8D7A9C22216229230069535F /* FlashlightButton.swift */; };
		8D7A9C2521624BD90069535F /* CGPointExtension.swift in Sources */ = {isa = PBXBuildFile; fileRef = 8D7A9C2421624BD90069535F /* CGPointExtension.swift */; };
		8D7A9C28216349EB0069535F /* RubberbandingViewController.swift in Sources */ = {isa = PBXBuildFile; fileRef = 8D7A9C27216349EB0069535F /* RubberbandingViewController.swift */; };
		8D7A9C2A216366EA0069535F /* AccelerationViewController.swift in Sources */ = {isa = PBXBuildFile; fileRef = 8D7A9C29216366EA0069535F /* AccelerationViewController.swift */; };
		8DB3B67A216DDAD200234389 /* MomentumViewController.swift in Sources */ = {isa = PBXBuildFile; fileRef = 8DB3B679216DDAD200234389 /* MomentumViewController.swift */; };
		8DB3B67C216DE13800234389 /* InstantPanGestureRecognizer.swift in Sources */ = {isa = PBXBuildFile; fileRef = 8DB3B67B216DE13800234389 /* InstantPanGestureRecognizer.swift */; };
		8DB3B67F216E19FD00234389 /* PipViewController.swift in Sources */ = {isa = PBXBuildFile; fileRef = 8DB3B67E216E19FD00234389 /* PipViewController.swift */; };
		8DB3B681216E1B3100234389 /* PipPositionView.swift in Sources */ = {isa = PBXBuildFile; fileRef = 8DB3B680216E1B3100234389 /* PipPositionView.swift */; };
		8DB3B684216F273400234389 /* RotationViewController.swift in Sources */ = {isa = PBXBuildFile; fileRef = 8DB3B683216F273400234389 /* RotationViewController.swift */; };
/* End PBXBuildFile section */

/* Begin PBXFileReference section */
		879CB1922147091B00DA8200 /* FluidInterfaces.app */ = {isa = PBXFileReference; explicitFileType = wrapper.application; includeInIndex = 0; path = FluidInterfaces.app; sourceTree = BUILT_PRODUCTS_DIR; };
		879CB1952147091B00DA8200 /* AppDelegate.swift */ = {isa = PBXFileReference; lastKnownFileType = sourcecode.swift; path = AppDelegate.swift; sourceTree = "<group>"; };
		879CB19A2147091B00DA8200 /* Base */ = {isa = PBXFileReference; lastKnownFileType = file.storyboard; name = Base; path = Base.lproj/Main.storyboard; sourceTree = "<group>"; };
		879CB19C2147091E00DA8200 /* Assets.xcassets */ = {isa = PBXFileReference; lastKnownFileType = folder.assetcatalog; path = Assets.xcassets; sourceTree = "<group>"; };
		879CB19F2147091E00DA8200 /* Base */ = {isa = PBXFileReference; lastKnownFileType = file.storyboard; name = Base; path = Base.lproj/LaunchScreen.storyboard; sourceTree = "<group>"; };
		879CB1A12147091E00DA8200 /* Info.plist */ = {isa = PBXFileReference; lastKnownFileType = text.plist.xml; path = Info.plist; sourceTree = "<group>"; };
		8D78E90F2147A67A00CA0B6A /* MenuTableViewController.swift */ = {isa = PBXFileReference; lastKnownFileType = sourcecode.swift; path = MenuTableViewController.swift; sourceTree = "<group>"; };
		8D78E9112147A97F00CA0B6A /* Interface.swift */ = {isa = PBXFileReference; lastKnownFileType = sourcecode.swift; path = Interface.swift; sourceTree = "<group>"; };
		8D78E9132147AC7A00CA0B6A /* CalculatorButtonViewController.swift */ = {isa = PBXFileReference; lastKnownFileType = sourcecode.swift; path = CalculatorButtonViewController.swift; sourceTree = "<group>"; };
		8D78E9152147AE5800CA0B6A /* FluidCell.swift */ = {isa = PBXFileReference; lastKnownFileType = sourcecode.swift; path = FluidCell.swift; sourceTree = "<group>"; };
		8D78E9172147B3A300CA0B6A /* SpringAnimationViewController.swift */ = {isa = PBXFileReference; lastKnownFileType = sourcecode.swift; path = SpringAnimationViewController.swift; sourceTree = "<group>"; };
		8D78E9192147B58F00CA0B6A /* FlashlightButtonViewController.swift */ = {isa = PBXFileReference; lastKnownFileType = sourcecode.swift; path = FlashlightButtonViewController.swift; sourceTree = "<group>"; };
		8D78E91D2147B8F900CA0B6A /* CalculatorButton.swift */ = {isa = PBXFileReference; lastKnownFileType = sourcecode.swift; path = CalculatorButton.swift; sourceTree = "<group>"; };
		8D78E9202147BCD700CA0B6A /* UIColorExtension.swift */ = {isa = PBXFileReference; lastKnownFileType = sourcecode.swift; path = UIColorExtension.swift; sourceTree = "<group>"; };
		8D78E9222147C84500CA0B6A /* UIViewExtension.swift */ = {isa = PBXFileReference; lastKnownFileType = sourcecode.swift; path = UIViewExtension.swift; sourceTree = "<group>"; };
		8D78E9262148EDAD00CA0B6A /* UISpringTimingParametersExtension.swift */ = {isa = PBXFileReference; lastKnownFileType = sourcecode.swift; path = UISpringTimingParametersExtension.swift; sourceTree = "<group>"; };
		8D78E9282148F08C00CA0B6A /* SliderView.swift */ = {isa = PBXFileReference; lastKnownFileType = sourcecode.swift; path = SliderView.swift; sourceTree = "<group>"; };
		8D78E92A21493DAA00CA0B6A /* GradientView.swift */ = {isa = PBXFileReference; lastKnownFileType = sourcecode.swift; path = GradientView.swift; sourceTree = "<group>"; };
		8D7A9C22216229230069535F /* FlashlightButton.swift */ = {isa = PBXFileReference; lastKnownFileType = sourcecode.swift; path = FlashlightButton.swift; sourceTree = "<group>"; };
		8D7A9C2421624BD90069535F /* CGPointExtension.swift */ = {isa = PBXFileReference; lastKnownFileType = sourcecode.swift; path = CGPointExtension.swift; sourceTree = "<group>"; };
		8D7A9C27216349EB0069535F /* RubberbandingViewController.swift */ = {isa = PBXFileReference; lastKnownFileType = sourcecode.swift; path = RubberbandingViewController.swift; sourceTree = "<group>"; };
		8D7A9C29216366EA0069535F /* AccelerationViewController.swift */ = {isa = PBXFileReference; lastKnownFileType = sourcecode.swift; path = AccelerationViewController.swift; sourceTree = "<group>"; };
		8DB3B679216DDAD200234389 /* MomentumViewController.swift */ = {isa = PBXFileReference; lastKnownFileType = sourcecode.swift; path = MomentumViewController.swift; sourceTree = "<group>"; };
		8DB3B67B216DE13800234389 /* InstantPanGestureRecognizer.swift */ = {isa = PBXFileReference; lastKnownFileType = sourcecode.swift; path = InstantPanGestureRecognizer.swift; sourceTree = "<group>"; };
		8DB3B67E216E19FD00234389 /* PipViewController.swift */ = {isa = PBXFileReference; lastKnownFileType = sourcecode.swift; path = PipViewController.swift; sourceTree = "<group>"; };
		8DB3B680216E1B3100234389 /* PipPositionView.swift */ = {isa = PBXFileReference; lastKnownFileType = sourcecode.swift; path = PipPositionView.swift; sourceTree = "<group>"; };
		8DB3B683216F273400234389 /* RotationViewController.swift */ = {isa = PBXFileReference; lastKnownFileType = sourcecode.swift; path = RotationViewController.swift; sourceTree = "<group>"; };
/* End PBXFileReference section */

/* Begin PBXFrameworksBuildPhase section */
		879CB18F2147091B00DA8200 /* Frameworks */ = {
			isa = PBXFrameworksBuildPhase;
			buildActionMask = 2147483647;
			files = (
			);
			runOnlyForDeploymentPostprocessing = 0;
		};
/* End PBXFrameworksBuildPhase section */

/* Begin PBXGroup section */
		879CB1892147091B00DA8200 = {
			isa = PBXGroup;
			children = (
				879CB1942147091B00DA8200 /* FluidInterfaces */,
				879CB1932147091B00DA8200 /* Products */,
			);
			sourceTree = "<group>";
		};
		879CB1932147091B00DA8200 /* Products */ = {
			isa = PBXGroup;
			children = (
				879CB1922147091B00DA8200 /* FluidInterfaces.app */,
			);
			name = Products;
			sourceTree = "<group>";
		};
		879CB1942147091B00DA8200 /* FluidInterfaces */ = {
			isa = PBXGroup;
			children = (
				879CB1952147091B00DA8200 /* AppDelegate.swift */,
				8D78E91B2147B88500CA0B6A /* Menu */,
				8D78E91C2147B89E00CA0B6A /* Calculator Button */,
				8D78E924214806CE00CA0B6A /* Spring Animation */,
				8D78E9252148089800CA0B6A /* Flashlight Button */,
				8D7A9C26216348A50069535F /* Rubberbanding */,
				8D7A9C2B216366F50069535F /* Accelertion */,
				8DB3B678216DDA8200234389 /* Momentum */,
				8DB3B67D216E186C00234389 /* Facetime Picture in Picture */,
				8DB3B682216F271100234389 /* Rotation */,
				8D78E91F2147BC8200CA0B6A /* Utilities */,
				879CB1992147091B00DA8200 /* Main.storyboard */,
				879CB19C2147091E00DA8200 /* Assets.xcassets */,
				879CB19E2147091E00DA8200 /* LaunchScreen.storyboard */,
				879CB1A12147091E00DA8200 /* Info.plist */,
			);
			path = FluidInterfaces;
			sourceTree = "<group>";
		};
		8D78E91B2147B88500CA0B6A /* Menu */ = {
			isa = PBXGroup;
			children = (
				8D78E9112147A97F00CA0B6A /* Interface.swift */,
				8D78E9152147AE5800CA0B6A /* FluidCell.swift */,
				8D78E90F2147A67A00CA0B6A /* MenuTableViewController.swift */,
			);
			path = Menu;
			sourceTree = "<group>";
		};
		8D78E91C2147B89E00CA0B6A /* Calculator Button */ = {
			isa = PBXGroup;
			children = (
				8D78E9132147AC7A00CA0B6A /* CalculatorButtonViewController.swift */,
				8D78E91D2147B8F900CA0B6A /* CalculatorButton.swift */,
			);
			path = "Calculator Button";
			sourceTree = "<group>";
		};
		8D78E91F2147BC8200CA0B6A /* Utilities */ = {
			isa = PBXGroup;
			children = (
				8D78E9202147BCD700CA0B6A /* UIColorExtension.swift */,
				8D78E92A21493DAA00CA0B6A /* GradientView.swift */,
				8D78E9222147C84500CA0B6A /* UIViewExtension.swift */,
				8D7A9C2421624BD90069535F /* CGPointExtension.swift */,
				8D78E9262148EDAD00CA0B6A /* UISpringTimingParametersExtension.swift */,
			);
			path = Utilities;
			sourceTree = "<group>";
		};
		8D78E924214806CE00CA0B6A /* Spring Animation */ = {
			isa = PBXGroup;
			children = (
				8D78E9172147B3A300CA0B6A /* SpringAnimationViewController.swift */,
				8D78E9282148F08C00CA0B6A /* SliderView.swift */,
			);
			path = "Spring Animation";
			sourceTree = "<group>";
		};
		8D78E9252148089800CA0B6A /* Flashlight Button */ = {
			isa = PBXGroup;
			children = (
				8D78E9192147B58F00CA0B6A /* FlashlightButtonViewController.swift */,
				8D7A9C22216229230069535F /* FlashlightButton.swift */,
			);
			path = "Flashlight Button";
			sourceTree = "<group>";
		};
		8D7A9C26216348A50069535F /* Rubberbanding */ = {
			isa = PBXGroup;
			children = (
				8D7A9C27216349EB0069535F /* RubberbandingViewController.swift */,
			);
			path = Rubberbanding;
			sourceTree = "<group>";
		};
		8D7A9C2B216366F50069535F /* Accelertion */ = {
			isa = PBXGroup;
			children = (
				8D7A9C29216366EA0069535F /* AccelerationViewController.swift */,
			);
			path = Accelertion;
			sourceTree = "<group>";
		};
		8DB3B678216DDA8200234389 /* Momentum */ = {
			isa = PBXGroup;
			children = (
				8DB3B679216DDAD200234389 /* MomentumViewController.swift */,
				8DB3B67B216DE13800234389 /* InstantPanGestureRecognizer.swift */,
			);
			path = Momentum;
			sourceTree = "<group>";
		};
		8DB3B67D216E186C00234389 /* Facetime Picture in Picture */ = {
			isa = PBXGroup;
			children = (
				8DB3B67E216E19FD00234389 /* PipViewController.swift */,
				8DB3B680216E1B3100234389 /* PipPositionView.swift */,
			);
			path = "Facetime Picture in Picture";
			sourceTree = "<group>";
		};
		8DB3B682216F271100234389 /* Rotation */ = {
			isa = PBXGroup;
			children = (
				8DB3B683216F273400234389 /* RotationViewController.swift */,
			);
			path = Rotation;
			sourceTree = "<group>";
		};
/* End PBXGroup section */

/* Begin PBXNativeTarget section */
		879CB1912147091B00DA8200 /* FluidInterfaces */ = {
			isa = PBXNativeTarget;
			buildConfigurationList = 879CB1A42147091E00DA8200 /* Build configuration list for PBXNativeTarget "FluidInterfaces" */;
			buildPhases = (
				879CB18E2147091B00DA8200 /* Sources */,
				879CB18F2147091B00DA8200 /* Frameworks */,
				879CB1902147091B00DA8200 /* Resources */,
			);
			buildRules = (
			);
			dependencies = (
			);
			name = FluidInterfaces;
			productName = FluidInterfaces;
			productReference = 879CB1922147091B00DA8200 /* FluidInterfaces.app */;
			productType = "com.apple.product-type.application";
		};
/* End PBXNativeTarget section */

/* Begin PBXProject section */
		879CB18A2147091B00DA8200 /* Project object */ = {
			isa = PBXProject;
			attributes = {
				LastSwiftUpdateCheck = 0940;
				LastUpgradeCheck = 0940;
				ORGANIZATIONNAME = "Ruslan Akberov";
				TargetAttributes = {
					879CB1912147091B00DA8200 = {
						CreatedOnToolsVersion = 9.4.1;
						LastSwiftMigration = 1000;
					};
				};
			};
			buildConfigurationList = 879CB18D2147091B00DA8200 /* Build configuration list for PBXProject "FluidInterfaces" */;
			compatibilityVersion = "Xcode 9.3";
			developmentRegion = en;
			hasScannedForEncodings = 0;
			knownRegions = (
				en,
				Base,
			);
			mainGroup = 879CB1892147091B00DA8200;
			productRefGroup = 879CB1932147091B00DA8200 /* Products */;
			projectDirPath = "";
			projectRoot = "";
			targets = (
				879CB1912147091B00DA8200 /* FluidInterfaces */,
			);
		};
/* End PBXProject section */

/* Begin PBXResourcesBuildPhase section */
		879CB1902147091B00DA8200 /* Resources */ = {
			isa = PBXResourcesBuildPhase;
			buildActionMask = 2147483647;
			files = (
				879CB1A02147091E00DA8200 /* LaunchScreen.storyboard in Resources */,
				879CB19D2147091E00DA8200 /* Assets.xcassets in Resources */,
				879CB19B2147091B00DA8200 /* Main.storyboard in Resources */,
			);
			runOnlyForDeploymentPostprocessing = 0;
		};
/* End PBXResourcesBuildPhase section */

/* Begin PBXSourcesBuildPhase section */
		879CB18E2147091B00DA8200 /* Sources */ = {
			isa = PBXSourcesBuildPhase;
			buildActionMask = 2147483647;
			files = (
				8DB3B67A216DDAD200234389 /* MomentumViewController.swift in Sources */,
				8D7A9C28216349EB0069535F /* RubberbandingViewController.swift in Sources */,
				8D78E9232147C84500CA0B6A /* UIViewExtension.swift in Sources */,
				8D78E9272148EDAD00CA0B6A /* UISpringTimingParametersExtension.swift in Sources */,
				8D7A9C2521624BD90069535F /* CGPointExtension.swift in Sources */,
				879CB1962147091B00DA8200 /* AppDelegate.swift in Sources */,
				8DB3B67F216E19FD00234389 /* PipViewController.swift in Sources */,
				8D78E9162147AE5800CA0B6A /* FluidCell.swift in Sources */,
				8D78E9142147AC7A00CA0B6A /* CalculatorButtonViewController.swift in Sources */,
				8D78E9102147A67A00CA0B6A /* MenuTableViewController.swift in Sources */,
				8D78E91A2147B58F00CA0B6A /* FlashlightButtonViewController.swift in Sources */,
				8D78E9212147BCD700CA0B6A /* UIColorExtension.swift in Sources */,
				8D78E9182147B3A300CA0B6A /* SpringAnimationViewController.swift in Sources */,
				8D7A9C23216229230069535F /* FlashlightButton.swift in Sources */,
				8D78E9292148F08C00CA0B6A /* SliderView.swift in Sources */,
				8DB3B67C216DE13800234389 /* InstantPanGestureRecognizer.swift in Sources */,
				8D78E92B21493DAA00CA0B6A /* GradientView.swift in Sources */,
				8D7A9C2A216366EA0069535F /* AccelerationViewController.swift in Sources */,
				8DB3B681216E1B3100234389 /* PipPositionView.swift in Sources */,
				8D78E9122147A98000CA0B6A /* Interface.swift in Sources */,
				8DB3B684216F273400234389 /* RotationViewController.swift in Sources */,
				8D78E91E2147B8F900CA0B6A /* CalculatorButton.swift in Sources */,
			);
			runOnlyForDeploymentPostprocessing = 0;
		};
/* End PBXSourcesBuildPhase section */

/* Begin PBXVariantGroup section */
		879CB1992147091B00DA8200 /* Main.storyboard */ = {
			isa = PBXVariantGroup;
			children = (
				879CB19A2147091B00DA8200 /* Base */,
			);
			name = Main.storyboard;
			sourceTree = "<group>";
		};
		879CB19E2147091E00DA8200 /* LaunchScreen.storyboard */ = {
			isa = PBXVariantGroup;
			children = (
				879CB19F2147091E00DA8200 /* Base */,
			);
			name = LaunchScreen.storyboard;
			sourceTree = "<group>";
		};
/* End PBXVariantGroup section */

/* Begin XCBuildConfiguration section */
		879CB1A22147091E00DA8200 /* Debug */ = {
			isa = XCBuildConfiguration;
			buildSettings = {
				ALWAYS_SEARCH_USER_PATHS = NO;
				CLANG_ANALYZER_NONNULL = YES;
				CLANG_ANALYZER_NUMBER_OBJECT_CONVERSION = YES_AGGRESSIVE;
				CLANG_CXX_LANGUAGE_STANDARD = "gnu++14";
				CLANG_CXX_LIBRARY = "libc++";
				CLANG_ENABLE_MODULES = YES;
				CLANG_ENABLE_OBJC_ARC = YES;
				CLANG_ENABLE_OBJC_WEAK = YES;
				CLANG_WARN_BLOCK_CAPTURE_AUTORELEASING = YES;
				CLANG_WARN_BOOL_CONVERSION = YES;
				CLANG_WARN_COMMA = YES;
				CLANG_WARN_CONSTANT_CONVERSION = YES;
				CLANG_WARN_DEPRECATED_OBJC_IMPLEMENTATIONS = YES;
				CLANG_WARN_DIRECT_OBJC_ISA_USAGE = YES_ERROR;
				CLANG_WARN_DOCUMENTATION_COMMENTS = YES;
				CLANG_WARN_EMPTY_BODY = YES;
				CLANG_WARN_ENUM_CONVERSION = YES;
				CLANG_WARN_INFINITE_RECURSION = YES;
				CLANG_WARN_INT_CONVERSION = YES;
				CLANG_WARN_NON_LITERAL_NULL_CONVERSION = YES;
				CLANG_WARN_OBJC_IMPLICIT_RETAIN_SELF = YES;
				CLANG_WARN_OBJC_LITERAL_CONVERSION = YES;
				CLANG_WARN_OBJC_ROOT_CLASS = YES_ERROR;
				CLANG_WARN_RANGE_LOOP_ANALYSIS = YES;
				CLANG_WARN_STRICT_PROTOTYPES = YES;
				CLANG_WARN_SUSPICIOUS_MOVE = YES;
				CLANG_WARN_UNGUARDED_AVAILABILITY = YES_AGGRESSIVE;
				CLANG_WARN_UNREACHABLE_CODE = YES;
				CLANG_WARN__DUPLICATE_METHOD_MATCH = YES;
				CODE_SIGN_IDENTITY = "iPhone Developer";
				COPY_PHASE_STRIP = NO;
				DEBUG_INFORMATION_FORMAT = dwarf;
				ENABLE_STRICT_OBJC_MSGSEND = YES;
				ENABLE_TESTABILITY = YES;
				GCC_C_LANGUAGE_STANDARD = gnu11;
				GCC_DYNAMIC_NO_PIC = NO;
				GCC_NO_COMMON_BLOCKS = YES;
				GCC_OPTIMIZATION_LEVEL = 0;
				GCC_PREPROCESSOR_DEFINITIONS = (
					"DEBUG=1",
					"$(inherited)",
				);
				GCC_WARN_64_TO_32_BIT_CONVERSION = YES;
				GCC_WARN_ABOUT_RETURN_TYPE = YES_ERROR;
				GCC_WARN_UNDECLARED_SELECTOR = YES;
				GCC_WARN_UNINITIALIZED_AUTOS = YES_AGGRESSIVE;
				GCC_WARN_UNUSED_FUNCTION = YES;
				GCC_WARN_UNUSED_VARIABLE = YES;
				IPHONEOS_DEPLOYMENT_TARGET = 11.4;
				MTL_ENABLE_DEBUG_INFO = YES;
				ONLY_ACTIVE_ARCH = YES;
				SDKROOT = iphoneos;
				SWIFT_ACTIVE_COMPILATION_CONDITIONS = DEBUG;
				SWIFT_OPTIMIZATION_LEVEL = "-Onone";
			};
			name = Debug;
		};
		879CB1A32147091E00DA8200 /* Release */ = {
			isa = XCBuildConfiguration;
			buildSettings = {
				ALWAYS_SEARCH_USER_PATHS = NO;
				CLANG_ANALYZER_NONNULL = YES;
				CLANG_ANALYZER_NUMBER_OBJECT_CONVERSION = YES_AGGRESSIVE;
				CLANG_CXX_LANGUAGE_STANDARD = "gnu++14";
				CLANG_CXX_LIBRARY = "libc++";
				CLANG_ENABLE_MODULES = YES;
				CLANG_ENABLE_OBJC_ARC = YES;
				CLANG_ENABLE_OBJC_WEAK = YES;
				CLANG_WARN_BLOCK_CAPTURE_AUTORELEASING = YES;
				CLANG_WARN_BOOL_CONVERSION = YES;
				CLANG_WARN_COMMA = YES;
				CLANG_WARN_CONSTANT_CONVERSION = YES;
				CLANG_WARN_DEPRECATED_OBJC_IMPLEMENTATIONS = YES;
				CLANG_WARN_DIRECT_OBJC_ISA_USAGE = YES_ERROR;
				CLANG_WARN_DOCUMENTATION_COMMENTS = YES;
				CLANG_WARN_EMPTY_BODY = YES;
				CLANG_WARN_ENUM_CONVERSION = YES;
				CLANG_WARN_INFINITE_RECURSION = YES;
				CLANG_WARN_INT_CONVERSION = YES;
				CLANG_WARN_NON_LITERAL_NULL_CONVERSION = YES;
				CLANG_WARN_OBJC_IMPLICIT_RETAIN_SELF = YES;
				CLANG_WARN_OBJC_LITERAL_CONVERSION = YES;
				CLANG_WARN_OBJC_ROOT_CLASS = YES_ERROR;
				CLANG_WARN_RANGE_LOOP_ANALYSIS = YES;
				CLANG_WARN_STRICT_PROTOTYPES = YES;
				CLANG_WARN_SUSPICIOUS_MOVE = YES;
				CLANG_WARN_UNGUARDED_AVAILABILITY = YES_AGGRESSIVE;
				CLANG_WARN_UNREACHABLE_CODE = YES;
				CLANG_WARN__DUPLICATE_METHOD_MATCH = YES;
				CODE_SIGN_IDENTITY = "iPhone Developer";
				COPY_PHASE_STRIP = NO;
				DEBUG_INFORMATION_FORMAT = "dwarf-with-dsym";
				ENABLE_NS_ASSERTIONS = NO;
				ENABLE_STRICT_OBJC_MSGSEND = YES;
				GCC_C_LANGUAGE_STANDARD = gnu11;
				GCC_NO_COMMON_BLOCKS = YES;
				GCC_WARN_64_TO_32_BIT_CONVERSION = YES;
				GCC_WARN_ABOUT_RETURN_TYPE = YES_ERROR;
				GCC_WARN_UNDECLARED_SELECTOR = YES;
				GCC_WARN_UNINITIALIZED_AUTOS = YES_AGGRESSIVE;
				GCC_WARN_UNUSED_FUNCTION = YES;
				GCC_WARN_UNUSED_VARIABLE = YES;
				IPHONEOS_DEPLOYMENT_TARGET = 11.4;
				MTL_ENABLE_DEBUG_INFO = NO;
				SDKROOT = iphoneos;
				SWIFT_COMPILATION_MODE = wholemodule;
				SWIFT_OPTIMIZATION_LEVEL = "-O";
				VALIDATE_PRODUCT = YES;
			};
			name = Release;
		};
		879CB1A52147091E00DA8200 /* Debug */ = {
			isa = XCBuildConfiguration;
			buildSettings = {
				ASSETCATALOG_COMPILER_APPICON_NAME = AppIcon;
				CODE_SIGN_STYLE = Automatic;
				DEVELOPMENT_TEAM = JMYF9P9VY4;
				INFOPLIST_FILE = FluidInterfaces/Info.plist;
				LD_RUNPATH_SEARCH_PATHS = (
					"$(inherited)",
					"@executable_path/Frameworks",
				);
				PRODUCT_BUNDLE_IDENTIFIER = com.akberovapps.FluidInterfaces;
				PRODUCT_NAME = "$(TARGET_NAME)";
				SWIFT_VERSION = 4.2;
				TARGETED_DEVICE_FAMILY = "1,2";
			};
			name = Debug;
		};
		879CB1A62147091E00DA8200 /* Release */ = {
			isa = XCBuildConfiguration;
			buildSettings = {
				ASSETCATALOG_COMPILER_APPICON_NAME = AppIcon;
				CODE_SIGN_STYLE = Automatic;
				DEVELOPMENT_TEAM = JMYF9P9VY4;
				INFOPLIST_FILE = FluidInterfaces/Info.plist;
				LD_RUNPATH_SEARCH_PATHS = (
					"$(inherited)",
					"@executable_path/Frameworks",
				);
				PRODUCT_BUNDLE_IDENTIFIER = com.akberovapps.FluidInterfaces;
				PRODUCT_NAME = "$(TARGET_NAME)";
				SWIFT_VERSION = 4.2;
				TARGETED_DEVICE_FAMILY = "1,2";
			};
			name = Release;
		};
/* End XCBuildConfiguration section */

/* Begin XCConfigurationList section */
		879CB18D2147091B00DA8200 /* Build configuration list for PBXProject "FluidInterfaces" */ = {
			isa = XCConfigurationList;
			buildConfigurations = (
				879CB1A22147091E00DA8200 /* Debug */,
				879CB1A32147091E00DA8200 /* Release */,
			);
			defaultConfigurationIsVisible = 0;
			defaultConfigurationName = Release;
		};
		879CB1A42147091E00DA8200 /* Build configuration list for PBXNativeTarget "FluidInterfaces" */ = {
			isa = XCConfigurationList;
			buildConfigurations = (
				879CB1A52147091E00DA8200 /* Debug */,
				879CB1A62147091E00DA8200 /* Release */,
			);
			defaultConfigurationIsVisible = 0;
			defaultConfigurationName = Release;
		};
/* End XCConfigurationList section */
	};
	rootObject = 879CB18A2147091B00DA8200 /* Project object */;
}
